{
  "name": "webpack-dag-entry-plugin",
  "version": "0.0.3",
  "lockfileVersion": 2,
  "requires": true,
  "packages": {
    "": {
      "name": "webpack-dag-entry-plugin",
      "version": "0.0.3",
      "license": "ISC",
      "devDependencies": {
        "dag-loader": "file:../dag-loader"
      }
    },
    "../dag-loader": {
      "version": "0.0.4",
      "dev": true,
      "license": "ISC",
      "dependencies": {
        "buffer": "^6.0.3",
        "glob-all": "^3.2.1",
        "ipfs-unixfs": "^4.0.1",
        "ipfs-unixfs-importer": "^7.0.1",
        "ipld": "^0.29.0",
        "ipld-dag-pb": "^0.22.2",
        "ipld-in-memory": "^8.0.0",
        "module": "^1.2.5"
      }
    },
    "node_modules/dag-loader": {
      "resolved": "../dag-loader",
      "link": true
    }
  },
  "dependencies": {
    "dag-loader": {
      "version": "file:../dag-loader",
      "requires": {
        "buffer": "^6.0.3",
        "glob-all": "^3.2.1",
        "ipfs-unixfs": "^4.0.1",
        "ipfs-unixfs-importer": "^7.0.1",
        "ipld": "^0.29.0",
        "ipld-dag-pb": "^0.22.2",
        "ipld-in-memory": "^8.0.0",
        "module": "^1.2.5"
      }
    }
  }
}
